github.com/asticode/go-astichartjs v0.1.0 h1:Dscf4R+KDdBRJY1MQlK5p2IZyLc/JmnODUT3O2Cnc1Y=
github.com/asticode/go-astichartjs v0.1.0/go.mod h1:mAFLydbGKvV1fjZJRwl8v/7aKjC0QWyqHtSIk4TGgPo=
github.com/asticode/go-astideepspeech v0.6.2 h1:84+s5BqmJNODxdTyuMX7p/mzkcZ5Pc2edyPoLJjf7wk=
github.com/asticode/go-astideepspeech v0.6.2/go.mod h1:SJCkfh5e79BgSQqKEEAtfjZT0yOekjKEiB3FVOTrpog=
github.com/asticode/go-astikit v0.1.0/go.mod h1:h4ly7idim1tNhaVkdVBeXQZEE3L0xblP7fCWbgwipF0=
github.com/asticode/go-astikit v0.2.0 h1:QonRVJKQB2btMYZGW+YkibMDOXje2F49RLW4UCnyjns=
github.com/asticode/go-astikit v0.2.0/go.mod h1:h4ly7idim1tNhaVkdVBeXQZEE3L0xblP7fCWbgwipF0=
github.com/asticode/go-astiws v1.2.0 h1:uzF9yPPDPk/5Rar4fCwqjD+6lYsJZROTllXO6PZ+oh0=
github.com/asticode/go-astiws v1.2.0/go.mod h1:xDs2lfL41R0sUXYniZv7SMFY2VedPpfeydCdpaewgik=
github.com/cheekybits/is v0.0.0-20150225183255-68e9c0620927/go.mod h1:h/aW8ynjgkuj+NQRlZcDbAbM1ORAbXjXX77sX7T289U=
github.com/cryptix/wav v0.0.0-20180415113528-8bdace674401/go.mod h1:knK8fd+KPlGGqSUWogv1DQzGTwnfUvAi0cIoWyOG7+U=
github.com/go-audio/audio v1.0.0 h1:zS9vebldgbQqktK4H0lUqWrG8P0NxCJVqcj7ZpNnwd4=
github.com/go-audio/audio v1.0.0/go.mod h1:6uAu0+H2lHkwdGsAY+j2wHPNPpPoeg5AaEFh9FlA+Zs=
github.com/go-audio/riff v1.0.0 h1:d8iCGbDvox9BfLagY94fBynxSPHO80LmZCaOsmKxokA=
github.com/go-audio/riff v1.0.0/go.mod h1:l3cQwc85y79NQFCRB7TiPoNiaijp6q8Z0Uv38rVG498=
github.com/go-audio/wav v1.0.0 h1:WdSGLhtyud6bof6XHL28xKeCQRzCV06pOFo3LZsFdyE=
github.com/go-audio/wav v1.0.0/go.mod h1:3yoReyQOsiARkvPl3ERCi8JFjihzG6WhjYpZCf5zAWE=
github.com/go-ole/go-ole v1.2.4 h1:nNBDSCOigTSiarFpYE9J/KtEA1IOW4CNeqT9TQDqCxI=
github.com/go-ole/go-ole v1.2.4/go.mod h1:XCwSNxSkXRo4vlyPy93sltvi/qJq0jqQhjqQNIwKuxM=
github.com/gordonklaus/portaudio v0.0.0-20180817120803-00e7307ccd93 h1:TSG+DyZBnazM22ZHyHLeUkzM34ClkJRjIWHTq4btvek=
github.com/gordonklaus/portaudio v0.0.0-20180817120803-00e7307ccd93/go.mod h1:HfYnZi/ARQKG0dwH5HNDmPCHdLiFiBf+SI7DbhW7et4=
github.com/gorilla/websocket v1.4.1 h1:q7AeDBpnBk8AogcD4DSag/Ukw/KV+YhzLj2bP5HvKCM=
github.com/gorilla/websocket v1.4.1/go.mod h1:YR8l580nyteQvAITg2hZ9XVh4b55+EU/adAjf1fMHhE=
github.com/julienschmidt/httprouter v1.3.0 h1:U0609e9tgbseu3rBINet9P48AI/D3oJs4dN7jwJOQ1U=
github.com/julienschmidt/httprouter v1.3.0/go.mod h1:JR6WtHb+2LUe8TCKY3cZOxFyyO8IZAc4RVcycCCAKdM=
